// !$*UTF8*$!
{
	archiveVersion = 1;
	classes = {
	};
	objectVersion = 46;
	objects = {

/* Begin PBXBuildFile section */
		D0386F5C1B0E734500E6D38C /* AppDelegate.swift in Sources */ = {isa = PBXBuildFile; fileRef = D0386F5B1B0E734500E6D38C /* AppDelegate.swift */; };
		D0386F5E1B0E734500E6D38C /* ViewController.swift in Sources */ = {isa = PBXBuildFile; fileRef = D0386F5D1B0E734500E6D38C /* ViewController.swift */; };
		D0386F611B0E734500E6D38C /* Main.storyboard in Resources */ = {isa = PBXBuildFile; fileRef = D0386F5F1B0E734500E6D38C /* Main.storyboard */; };
		D0386F631B0E734500E6D38C /* Images.xcassets in Resources */ = {isa = PBXBuildFile; fileRef = D0386F621B0E734500E6D38C /* Images.xcassets */; };
		D0386F661B0E734500E6D38C /* LaunchScreen.xib in Resources */ = {isa = PBXBuildFile; fileRef = D0386F641B0E734500E6D38C /* LaunchScreen.xib */; };
		D0386F721B0E734500E6D38C /* sliding_puzzleTests.swift in Sources */ = {isa = PBXBuildFile; fileRef = D0386F711B0E734500E6D38C /* sliding_puzzleTests.swift */; };
		D0386F7E1B0E735700E6D38C /* image-1.png in Resources */ = {isa = PBXBuildFile; fileRef = D0386F7B1B0E735700E6D38C /* image-1.png */; };
		D0386F7F1B0E735700E6D38C /* image-2.png in Resources */ = {isa = PBXBuildFile; fileRef = D0386F7C1B0E735700E6D38C /* image-2.png */; };
		D0386F801B0E735700E6D38C /* image-3.png in Resources */ = {isa = PBXBuildFile; fileRef = D0386F7D1B0E735700E6D38C /* image-3.png */; };
/* End PBXBuildFile section */

/* Begin PBXContainerItemProxy section */
		D0386F6C1B0E734500E6D38C /* PBXContainerItemProxy */ = {
			isa = PBXContainerItemProxy;
			containerPortal = D0386F4E1B0E734500E6D38C /* Project object */;
			proxyType = 1;
			remoteGlobalIDString = D0386F551B0E734500E6D38C;
			remoteInfo = "sliding-puzzle";
		};
/* End PBXContainerItemProxy section */

/* Begin PBXFileReference section */
		D0386F561B0E734500E6D38C /* sliding-puzzle.app */ = {isa = PBXFileReference; explicitFileType = wrapper.application; includeInIndex = 0; path = "sliding-puzzle.app"; sourceTree = BUILT_PRODUCTS_DIR; };
		D0386F5A1B0E734500E6D38C /* Info.plist */ = {isa = PBXFileReference; lastKnownFileType = text.plist.xml; path = Info.plist; sourceTree = "<group>"; };
		D0386F5B1B0E734500E6D38C /* AppDelegate.swift */ = {isa = PBXFileReference; lastKnownFileType = sourcecode.swift; path = AppDelegate.swift; sourceTree = "<group>"; };
		D0386F5D1B0E734500E6D38C /* ViewController.swift */ = {isa = PBXFileReference; lastKnownFileType = sourcecode.swift; path = ViewController.swift; sourceTree = "<group>"; };
		D0386F601B0E734500E6D38C /* Base */ = {isa = PBXFileReference; lastKnownFileType = file.storyboard; name = Base; path = Base.lproj/Main.storyboard; sourceTree = "<group>"; };
		D0386F621B0E734500E6D38C /* Images.xcassets */ = {isa = PBXFileReference; lastKnownFileType = folder.assetcatalog; path = Images.xcassets; sourceTree = "<group>"; };
		D0386F651B0E734500E6D38C /* Base */ = {isa = PBXFileReference; lastKnownFileType = file.xib; name = Base; path = Base.lproj/LaunchScreen.xib; sourceTree = "<group>"; };
		D0386F6B1B0E734500E6D38C /* sliding-puzzleTests.xctest */ = {isa = PBXFileReference; explicitFileType = wrapper.cfbundle; includeInIndex = 0; path = "sliding-puzzleTests.xctest"; sourceTree = BUILT_PRODUCTS_DIR; };
		D0386F701B0E734500E6D38C /* Info.plist */ = {isa = PBXFileReference; lastKnownFileType = text.plist.xml; path = Info.plist; sourceTree = "<group>"; };
		D0386F711B0E734500E6D38C /* sliding_puzzleTests.swift */ = {isa = PBXFileReference; lastKnownFileType = sourcecode.swift; path = sliding_puzzleTests.swift; sourceTree = "<group>"; };
		D0386F7B1B0E735700E6D38C /* image-1.png */ = {isa = PBXFileReference; lastKnownFileType = image.png; path = "image-1.png"; sourceTree = "<group>"; };
		D0386F7C1B0E735700E6D38C /* image-2.png */ = {isa = PBXFileReference; lastKnownFileType = image.png; path = "image-2.png"; sourceTree = "<group>"; };
		D0386F7D1B0E735700E6D38C /* image-3.png */ = {isa = PBXFileReference; lastKnownFileType = image.png; path = "image-3.png"; sourceTree = "<group>"; };
/* End PBXFileReference section */

/* Begin PBXFrameworksBuildPhase section */
		D0386F531B0E734500E6D38C /* Frameworks */ = {
			isa = PBXFrameworksBuildPhase;
			buildActionMask = 2147483647;
			files = (
			);
			runOnlyForDeploymentPostprocessing = 0;
		};
		D0386F681B0E734500E6D38C /* Frameworks */ = {
			isa = PBXFrameworksBuildPhase;
			buildActionMask = 2147483647;
			files = (
			);
			runOnlyForDeploymentPostprocessing = 0;
		};
/* End PBXFrameworksBuildPhase section */

/* Begin PBXGroup section */
		D0386F4D1B0E734500E6D38C = {
			isa = PBXGroup;
			children = (
				D0386F581B0E734500E6D38C /* sliding-puzzle */,
				D0386F6E1B0E734500E6D38C /* sliding-puzzleTests */,
				D0386F571B0E734500E6D38C /* Products */,
			);
			sourceTree = "<group>";
		};
		D0386F571B0E734500E6D38C /* Products */ = {
			isa = PBXGroup;
			children = (
				D0386F561B0E734500E6D38C /* sliding-puzzle.app */,
				D0386F6B1B0E734500E6D38C /* sliding-puzzleTests.xctest */,
			);
			name = Products;
			sourceTree = "<group>";
		};
		D0386F581B0E734500E6D38C /* sliding-puzzle */ = {
			isa = PBXGroup;
			children = (
				D0386F5B1B0E734500E6D38C /* AppDelegate.swift */,
				D0386F5D1B0E734500E6D38C /* ViewController.swift */,
				D0386F7B1B0E735700E6D38C /* image-1.png */,
				D0386F7C1B0E735700E6D38C /* image-2.png */,
				D0386F7D1B0E735700E6D38C /* image-3.png */,
				D0386F5F1B0E734500E6D38C /* Main.storyboard */,
				D0386F621B0E734500E6D38C /* Images.xcassets */,
				D0386F641B0E734500E6D38C /* LaunchScreen.xib */,
				D0386F591B0E734500E6D38C /* Supporting Files */,
			);
			path = "sliding-puzzle";
			sourceTree = "<group>";
		};
		D0386F591B0E734500E6D38C /* Supporting Files */ = {
			isa = PBXGroup;
			children = (
				D0386F5A1B0E734500E6D38C /* Info.plist */,
			);
			name = "Supporting Files";
			sourceTree = "<group>";
		};
		D0386F6E1B0E734500E6D38C /* sliding-puzzleTests */ = {
			isa = PBXGroup;
			children = (
				D0386F711B0E734500E6D38C /* sliding_puzzleTests.swift */,
				D0386F6F1B0E734500E6D38C /* Supporting Files */,
			);
			path = "sliding-puzzleTests";
			sourceTree = "<group>";
		};
		D0386F6F1B0E734500E6D38C /* Supporting Files */ = {
			isa = PBXGroup;
			children = (
				D0386F701B0E734500E6D38C /* Info.plist */,
			);
			name = "Supporting Files";
			sourceTree = "<group>";
		};
/* End PBXGroup section */

/* Begin PBXNativeTarget section */
		D0386F551B0E734500E6D38C /* sliding-puzzle */ = {
			isa = PBXNativeTarget;
			buildConfigurationList = D0386F751B0E734500E6D38C /* Build configuration list for PBXNativeTarget "sliding-puzzle" */;
			buildPhases = (
				D0386F521B0E734500E6D38C /* Sources */,
				D0386F531B0E734500E6D38C /* Frameworks */,
				D0386F541B0E734500E6D38C /* Resources */,
			);
			buildRules = (
			);
			dependencies = (
			);
			name = "sliding-puzzle";
			productName = "sliding-puzzle";
			productReference = D0386F561B0E734500E6D38C /* sliding-puzzle.app */;
			productType = "com.apple.product-type.application";
		};
		D0386F6A1B0E734500E6D38C /* sliding-puzzleTests */ = {
			isa = PBXNativeTarget;
			buildConfigurationList = D0386F781B0E734500E6D38C /* Build configuration list for PBXNativeTarget "sliding-puzzleTests" */;
			buildPhases = (
				D0386F671B0E734500E6D38C /* Sources */,
				D0386F681B0E734500E6D38C /* Frameworks */,
				D0386F691B0E734500E6D38C /* Resources */,
			);
			buildRules = (
			);
			dependencies = (
				D0386F6D1B0E734500E6D38C /* PBXTargetDependency */,
			);
			name = "sliding-puzzleTests";
			productName = "sliding-puzzleTests";
			productReference = D0386F6B1B0E734500E6D38C /* sliding-puzzleTests.xctest */;
			productType = "com.apple.product-type.bundle.unit-test";
		};
/* End PBXNativeTarget section */

/* Begin PBXProject section */
		D0386F4E1B0E734500E6D38C /* Project object */ = {
			isa = PBXProject;
			attributes = {
				LastUpgradeCheck = 0630;
				ORGANIZATIONNAME = jg;
				TargetAttributes = {
					D0386F551B0E734500E6D38C = {
						CreatedOnToolsVersion = 6.3.1;
					};
					D0386F6A1B0E734500E6D38C = {
						CreatedOnToolsVersion = 6.3.1;
						TestTargetID = D0386F551B0E734500E6D38C;
					};
				};
			};
			buildConfigurationList = D0386F511B0E734500E6D38C /* Build configuration list for PBXProject "sliding-puzzle" */;
			compatibilityVersion = "Xcode 3.2";
			developmentRegion = English;
			hasScannedForEncodings = 0;
			knownRegions = (
				en,
				Base,
			);
			mainGroup = D0386F4D1B0E734500E6D38C;
			productRefGroup = D0386F571B0E734500E6D38C /* Products */;
			projectDirPath = "";
			projectRoot = "";
			targets = (
				D0386F551B0E734500E6D38C /* sliding-puzzle */,
				D0386F6A1B0E734500E6D38C /* sliding-puzzleTests */,
			);
		};
/* End PBXProject section */

/* Begin PBXResourcesBuildPhase section */
		D0386F541B0E734500E6D38C /* Resources */ = {
			isa = PBXResourcesBuildPhase;
			buildActionMask = 2147483647;
			files = (
				D0386F611B0E734500E6D38C /* Main.storyboard in Resources */,
				D0386F661B0E734500E6D38C /* LaunchScreen.xib in Resources */,
				D0386F631B0E734500E6D38C /* Images.xcassets in Resources */,
				D0386F7E1B0E735700E6D38C /* image-1.png in Resources */,
				D0386F7F1B0E735700E6D38C /* image-2.png in Resources */,
				D0386F801B0E735700E6D38C /* image-3.png in Resources */,
			);
			runOnlyForDeploymentPostprocessing = 0;
		};
		D0386F691B0E734500E6D38C /* Resources */ = {
			isa = PBXResourcesBuildPhase;
			buildActionMask = 2147483647;
			files = (
			);
			runOnlyForDeploymentPostprocessing = 0;
		};
/* End PBXResourcesBuildPhase section */

/* Begin PBXSourcesBuildPhase section */
		D0386F521B0E734500E6D38C /* Sources */ = {
			isa = PBXSourcesBuildPhase;
			buildActionMask = 2147483647;
			files = (
				D0386F5E1B0E734500E6D38C /* ViewController.swift in Sources */,
				D0386F5C1B0E734500E6D38C /* AppDelegate.swift in Sources */,
			);
			runOnlyForDeploymentPostprocessing = 0;
		};
		D0386F671B0E734500E6D38C /* Sources */ = {
			isa = PBXSourcesBuildPhase;
			buildActionMask = 2147483647;
			files = (
				D0386F721B0E734500E6D38C /* sliding_puzzleTests.swift in Sources */,
			);
			runOnlyForDeploymentPostprocessing = 0;
		};
/* End PBXSourcesBuildPhase section */

/* Begin PBXTargetDependency section */
		D0386F6D1B0E734500E6D38C /* PBXTargetDependency */ = {
			isa = PBXTargetDependency;
			target = D0386F551B0E734500E6D38C /* sliding-puzzle */;
			targetProxy = D0386F6C1B0E734500E6D38C /* PBXContainerItemProxy */;
		};
/* End PBXTargetDependency section */

/* Begin PBXVariantGroup section */
		D0386F5F1B0E734500E6D38C /* Main.storyboard */ = {
			isa = PBXVariantGroup;
			children = (
				D0386F601B0E734500E6D38C /* Base */,
			);
			name = Main.storyboard;
			sourceTree = "<group>";
		};
		D0386F641B0E734500E6D38C /* LaunchScreen.xib */ = {
			isa = PBXVariantGroup;
			children = (
				D0386F651B0E734500E6D38C /* Base */,
			);
			name = LaunchScreen.xib;
			sourceTree = "<group>";
		};
/* End PBXVariantGroup section */

/* Begin XCBuildConfiguration section */
		D0386F731B0E734500E6D38C /* Debug */ = {
			isa = XCBuildConfiguration;
			buildSettings = {
				ALWAYS_SEARCH_USER_PATHS = NO;
				CLANG_CXX_LANGUAGE_STANDARD = "gnu++0x";
				CLANG_CXX_LIBRARY = "libc++";
				CLANG_ENABLE_MODULES = YES;
				CLANG_ENABLE_OBJC_ARC = YES;
				CLANG_WARN_BOOL_CONVERSION = YES;
				CLANG_WARN_CONSTANT_CONVERSION = YES;
				CLANG_WARN_DIRECT_OBJC_ISA_USAGE = YES_ERROR;
				CLANG_WARN_EMPTY_BODY = YES;
				CLANG_WARN_ENUM_CONVERSION = YES;
				CLANG_WARN_INT_CONVERSION = YES;
				CLANG_WARN_OBJC_ROOT_CLASS = YES_ERROR;
				CLANG_WARN_UNREACHABLE_CODE = YES;
				CLANG_WARN__DUPLICATE_METHOD_MATCH = YES;
				"CODE_SIGN_IDENTITY[sdk=iphoneos*]" = "iPhone Developer";
				COPY_PHASE_STRIP = NO;
				DEBUG_INFORMATION_FORMAT = "dwarf-with-dsym";
				ENABLE_STRICT_OBJC_MSGSEND = YES;
				GCC_C_LANGUAGE_STANDARD = gnu99;
				GCC_DYNAMIC_NO_PIC = NO;
				GCC_NO_COMMON_BLOCKS = YES;
				GCC_OPTIMIZATION_LEVEL = 0;
				GCC_PREPROCESSOR_DEFINITIONS = (
					"DEBUG=1",
					"$(inherited)",
				);
				GCC_SYMBOLS_PRIVATE_EXTERN = NO;
				GCC_WARN_64_TO_32_BIT_CONVERSION = YES;
				GCC_WARN_ABOUT_RETURN_TYPE = YES_ERROR;
				GCC_WARN_UNDECLARED_SELECTOR = YES;
				GCC_WARN_UNINITIALIZED_AUTOS = YES_AGGRESSIVE;
				GCC_WARN_UNUSED_FUNCTION = YES;
				GCC_WARN_UNUSED_VARIABLE = YES;
				IPHONEOS_DEPLOYMENT_TARGET = 8.3;
				MTL_ENABLE_DEBUG_INFO = YES;
				ONLY_ACTIVE_ARCH = YES;
				SDKROOT = iphoneos;
				SWIFT_OPTIMIZATION_LEVEL = "-Onone";
				TARGETED_DEVICE_FAMILY = "1,2";
			};
			name = Debug;
		};
		D0386F741B0E734500E6D38C /* Release */ = {
			isa = XCBuildConfiguration;
			buildSettings = {
				ALWAYS_SEARCH_USER_PATHS = NO;
				CLANG_CXX_LANGUAGE_STANDARD = "gnu++0x";
				CLANG_CXX_LIBRARY = "libc++";
				CLANG_ENABLE_MODULES = YES;
				CLANG_ENABLE_OBJC_ARC = YES;
				CLANG_WARN_BOOL_CONVERSION = YES;
				CLANG_WARN_CONSTANT_CONVERSION = YES;
				CLANG_WARN_DIRECT_OBJC_ISA_USAGE = YES_ERROR;
				CLANG_WARN_EMPTY_BODY = YES;
				CLANG_WARN_ENUM_CONVERSION = YES;
				CLANG_WARN_INT_CONVERSION = YES;
				CLANG_WARN_OBJC_ROOT_CLASS = YES_ERROR;
				CLANG_WARN_UNREACHABLE_CODE = YES;
				CLANG_WARN__DUPLICATE_METHOD_MATCH = YES;
				"CODE_SIGN_IDENTITY[sdk=iphoneos*]" = "iPhone Developer";
				COPY_PHASE_STRIP = NO;
				DEBUG_INFORMATION_FORMAT = "dwarf-with-dsym";
				ENABLE_NS_ASSERTIONS = NO;
				ENABLE_STRICT_OBJC_MSGSEND = YES;
				GCC_C_LANGUAGE_STANDARD = gnu99;
				GCC_NO_COMMON_BLOCKS = YES;
				GCC_WARN_64_TO_32_BIT_CONVERSION = YES;
				GCC_WARN_ABOUT_RETURN_TYPE = YES_ERROR;
				GCC_WARN_UNDECLARED_SELECTOR = YES;
				GCC_WARN_UNINITIALIZED_AUTOS = YES_AGGRESSIVE;
				GCC_WARN_UNUSED_FUNCTION = YES;
				GCC_WARN_UNUSED_VARIABLE = YES;
				IPHONEOS_DEPLOYMENT_TARGET = 8.3;
				MTL_ENABLE_DEBUG_INFO = NO;
				SDKROOT = iphoneos;
				TARGETED_DEVICE_FAMILY = "1,2";
				VALIDATE_PRODUCT = YES;
			};
			name = Release;
		};
		D0386F761B0E734500E6D38C /* Debug */ = {
			isa = XCBuildConfiguration;
			buildSettings = {
				ASSETCATALOG_COMPILER_APPICON_NAME = AppIcon;
				INFOPLIST_FILE = "sliding-puzzle/Info.plist";
				LD_RUNPATH_SEARCH_PATHS = "$(inherited) @executable_path/Frameworks";
				PRODUCT_NAME = "$(TARGET_NAME)";
			};
			name = Debug;
		};
		D0386F771B0E734500E6D38C /* Release */ = {
			isa = XCBuildConfiguration;
			buildSettings = {
				ASSETCATALOG_COMPILER_APPICON_NAME = AppIcon;
				INFOPLIST_FILE = "sliding-puzzle/Info.plist";
				LD_RUNPATH_SEARCH_PATHS = "$(inherited) @executable_path/Frameworks";
				PRODUCT_NAME = "$(TARGET_NAME)";
			};
			name = Release;
		};
		D0386F791B0E734500E6D38C /* Debug */ = {
			isa = XCBuildConfiguration;
			buildSettings = {
				BUNDLE_LOADER = "$(TEST_HOST)";
				FRAMEWORK_SEARCH_PATHS = (
					"$(SDKROOT)/Developer/Library/Frameworks",
					"$(inherited)",
				);
				GCC_PREPROCESSOR_DEFINITIONS = (
					"DEBUG=1",
					"$(inherited)",
				);
				INFOPLIST_FILE = "sliding-puzzleTests/Info.plist";
				LD_RUNPATH_SEARCH_PATHS = "$(inherited) @executable_path/Frameworks @loader_path/Frameworks";
				PRODUCT_NAME = "$(TARGET_NAME)";
				TEST_HOST = "$(BUILT_PRODUCTS_DIR)/sliding-puzzle.app/sliding-puzzle";
			};
			name = Debug;
		};
		D0386F7A1B0E734500E6D38C /* Release */ = {
			isa = XCBuildConfiguration;
			buildSettings = {
				BUNDLE_LOADER = "$(TEST_HOST)";
				FRAMEWORK_SEARCH_PATHS = (
					"$(SDKROOT)/Developer/Library/Frameworks",
					"$(inherited)",
				);
				INFOPLIST_FILE = "sliding-puzzleTests/Info.plist";
				LD_RUNPATH_SEARCH_PATHS = "$(inherited) @executable_path/Frameworks @loader_path/Frameworks";
				PRODUCT_NAME = "$(TARGET_NAME)";
				TEST_HOST = "$(BUILT_PRODUCTS_DIR)/sliding-puzzle.app/sliding-puzzle";
			};
			name = Release;
		};
/* End XCBuildConfiguration section */

/* Begin XCConfigurationList section */
		D0386F511B0E734500E6D38C /* Build configuration list for PBXProject "sliding-puzzle" */ = {
			isa = XCConfigurationList;
			buildConfigurations = (
				D0386F731B0E734500E6D38C /* Debug */,
				D0386F741B0E734500E6D38C /* Release */,
			);
			defaultConfigurationIsVisible = 0;
			defaultConfigurationName = Release;
		};
		D0386F751B0E734500E6D38C /* Build configuration list for PBXNativeTarget "sliding-puzzle" */ = {
			isa = XCConfigurationList;
			buildConfigurations = (
				D0386F761B0E734500E6D38C /* Debug */,
				D0386F771B0E734500E6D38C /* Release */,
			);
			defaultConfigurationIsVisible = 0;
		};
		D0386F781B0E734500E6D38C /* Build configuration list for PBXNativeTarget "sliding-puzzleTests" */ = {
			isa = XCConfigurationList;
			buildConfigurations = (
				D0386F791B0E734500E6D38C /* Debug */,
				D0386F7A1B0E734500E6D38C /* Release */,
			);
			defaultConfigurationIsVisible = 0;
		};
/* End XCConfigurationList section */
	};
	rootObject = D0386F4E1B0E734500E6D38C /* Project object */;
}
